# THIS IS AN AUTOGENERATED FILE. DO NOT EDIT THIS FILE DIRECTLY.
# yarn lockfile v1


"@use-expo/font@^2.0.0":
  version "2.0.0"
  resolved "https://registry.yarnpkg.com/@use-expo/font/-/font-2.0.0.tgz#09b56d626e5b0c83cd0116f5bb69ad6d612d677f"
  integrity sha512-oOJ2uaRyZNQg7PnQviz7nBcdrRL38zxScab4ktgtI4asa6G0dHW9wg307uJJmn0sHS04Yqtw+m0EOjDcGw3iWg==
