# THIS IS AN AUTOGENERATED FILE. DO NOT EDIT THIS FILE DIRECTLY.
# yarn lockfile v1


expo-google-fonts@^0.0.0:
  version "0.0.0"
  resolved "https://registry.yarnpkg.com/expo-google-fonts/-/expo-google-fonts-0.0.0.tgz#1e0f91c9858095e707cb69946d9332954e14eb77"
  integrity sha512-SpY1N5ZHGbNXuvN8s3E2HxjlcxR5NHWn72Uy8wl0uZJ0ueWd+JfTUXwZzfuF638WeTdgJKztRy2MWfuMORQ1yQ==
